
Microsoft Visual Studio Solution File, Format Version 12.00
# Visual Studio Version 17
VisualStudioVersion = 17.0.31919.166
MinimumVisualStudioVersion = 10.0.40219.1
Project("{FAE04EC0-301F-11D3-BF4B-00C04F79EFBC}") = "Super Calculator", "Super Calculator\Super Calculator.csproj", "{BDA50F0F-5864-45DF-91C1-D25FE13DE36A}"
EndProject
Global
	GlobalSection(SolutionConfigurationPlatforms) = preSolution
		Debug|Any CPU = Debug|Any CPU
		Release|Any CPU = Release|Any CPU
	EndGlobalSection
	GlobalSection(ProjectConfigurationPlatforms) = postSolution
		{BDA50F0F-5864-45DF-91C1-D25FE13DE36A}.Debug|Any CPU.ActiveCfg = Debug|Any CPU
		{BDA50F0F-5864-45DF-91C1-D25FE13DE36A}.Debug|Any CPU.Build.0 = Debug|Any CPU
		{BDA50F0F-5864-45DF-91C1-D25FE13DE36A}.Release|Any CPU.ActiveCfg = Release|Any CPU
		{BDA50F0F-5864-45DF-91C1-D25FE13DE36A}.Release|Any CPU.Build.0 = Release|Any CPU
	EndGlobalSection
	GlobalSection(SolutionProperties) = preSolution
		HideSolutionNode = FALSE
	EndGlobalSection
	GlobalSection(ExtensibilityGlobals) = postSolution
		SolutionGuid = {B26B45CE-6B06-4B8E-B470-6F4F910DCE88}
	EndGlobalSection
EndGlobal
